
Microsoft Visual Studio Solution File, Format Version 12.00
# Visual Studio 15
VisualStudioVersion = 15.0.26730.16
MinimumVisualStudioVersion = 10.0.40219.1
Project("{FAE04EC0-301F-11D3-BF4B-00C04F79EFBC}") = "EFCore11", "EFCore11\EFCore11.csproj", "{9FFA88D0-8716-4564-BF7E-7C6FBF6FF480}"
EndProject
Project("{FAE04EC0-301F-11D3-BF4B-00C04F79EFBC}") = "EFCore20", "EFCore20\EFCore20.csproj", "{0E6988E4-846B-4F04-BAA9-26D82C6AC0D2}"
EndProject
Global
	GlobalSection(SolutionConfigurationPlatforms) = preSolution
		Debug|Any CPU = Debug|Any CPU
		Release|Any CPU = Release|Any CPU
	EndGlobalSection
	GlobalSection(ProjectConfigurationPlatforms) = postSolution
		{9FFA88D0-8716-4564-BF7E-7C6FBF6FF480}.Debug|Any CPU.ActiveCfg = Debug|Any CPU
		{9FFA88D0-8716-4564-BF7E-7C6FBF6FF480}.Debug|Any CPU.Build.0 = Debug|Any CPU
		{9FFA88D0-8716-4564-BF7E-7C6FBF6FF480}.Release|Any CPU.ActiveCfg = Release|Any CPU
		{9FFA88D0-8716-4564-BF7E-7C6FBF6FF480}.Release|Any CPU.Build.0 = Release|Any CPU
		{0E6988E4-846B-4F04-BAA9-26D82C6AC0D2}.Debug|Any CPU.ActiveCfg = Debug|Any CPU
		{0E6988E4-846B-4F04-BAA9-26D82C6AC0D2}.Debug|Any CPU.Build.0 = Debug|Any CPU
		{0E6988E4-846B-4F04-BAA9-26D82C6AC0D2}.Release|Any CPU.ActiveCfg = Release|Any CPU
		{0E6988E4-846B-4F04-BAA9-26D82C6AC0D2}.Release|Any CPU.Build.0 = Release|Any CPU
	EndGlobalSection
	GlobalSection(SolutionProperties) = preSolution
		HideSolutionNode = FALSE
	EndGlobalSection
	GlobalSection(ExtensibilityGlobals) = postSolution
		SolutionGuid = {68AFAB85-9EBB-4AEE-92F1-B8B1F65AFC2A}
	EndGlobalSection
EndGlobal
